
Microsoft Visual Studio Solution File, Format Version 12.00
# Visual Studio Version 16
VisualStudioVersion = 16.0.36631.11
MinimumVisualStudioVersion = 10.0.40219.1
Project("{FAE04EC0-301F-11D3-BF4B-00C04F79EFBC}") = "Bai11_ntt_2243", "Bai11_ntt_2243\Bai11_ntt_2243.csproj", "{B1CCCE5A-1F8A-44D3-BC8C-34DD0FA57E37}"
EndProject
Global
	GlobalSection(SolutionConfigurationPlatforms) = preSolution
		Debug|Any CPU = Debug|Any CPU
		Release|Any CPU = Release|Any CPU
	EndGlobalSection
	GlobalSection(ProjectConfigurationPlatforms) = postSolution
		{B1CCCE5A-1F8A-44D3-BC8C-34DD0FA57E37}.Debug|Any CPU.ActiveCfg = Debug|Any CPU
		{B1CCCE5A-1F8A-44D3-BC8C-34DD0FA57E37}.Debug|Any CPU.Build.0 = Debug|Any CPU
		{B1CCCE5A-1F8A-44D3-BC8C-34DD0FA57E37}.Release|Any CPU.ActiveCfg = Release|Any CPU
		{B1CCCE5A-1F8A-44D3-BC8C-34DD0FA57E37}.Release|Any CPU.Build.0 = Release|Any CPU
	EndGlobalSection
	GlobalSection(SolutionProperties) = preSolution
		HideSolutionNode = FALSE
	EndGlobalSection
	GlobalSection(ExtensibilityGlobals) = postSolution
		SolutionGuid = {D4E801F9-1743-40B5-9151-25D82DF7FD60}
	EndGlobalSection
EndGlobal
