
Microsoft Visual Studio Solution File, Format Version 12.00
# Visual Studio Version 16
VisualStudioVersion = 16.0.36631.11
MinimumVisualStudioVersion = 10.0.40219.1
Project("{FAE04EC0-301F-11D3-BF4B-00C04F79EFBC}") = "Bai7_ntt_2243", "Bai7_ntt_2243\Bai7_ntt_2243.csproj", "{5696D888-C63D-44A7-905A-143C175A7CF8}"
EndProject
Global
	GlobalSection(SolutionConfigurationPlatforms) = preSolution
		Debug|Any CPU = Debug|Any CPU
		Release|Any CPU = Release|Any CPU
	EndGlobalSection
	GlobalSection(ProjectConfigurationPlatforms) = postSolution
		{5696D888-C63D-44A7-905A-143C175A7CF8}.Debug|Any CPU.ActiveCfg = Debug|Any CPU
		{5696D888-C63D-44A7-905A-143C175A7CF8}.Debug|Any CPU.Build.0 = Debug|Any CPU
		{5696D888-C63D-44A7-905A-143C175A7CF8}.Release|Any CPU.ActiveCfg = Release|Any CPU
		{5696D888-C63D-44A7-905A-143C175A7CF8}.Release|Any CPU.Build.0 = Release|Any CPU
	EndGlobalSection
	GlobalSection(SolutionProperties) = preSolution
		HideSolutionNode = FALSE
	EndGlobalSection
	GlobalSection(ExtensibilityGlobals) = postSolution
		SolutionGuid = {3D1FAF8F-22EE-4231-A0B6-FF4BD7FC7D34}
	EndGlobalSection
EndGlobal
